
Microsoft Visual Studio Solution File, Format Version 12.00
# Visual Studio 15
VisualStudioVersion = 15.0.26430.14
MinimumVisualStudioVersion = 10.0.40219.1
Project("{FAE04EC0-301F-11D3-BF4B-00C04F79EFBC}") = "ValidateAddress", "ValidateAddress\ValidateAddress.csproj", "{DCFB21E8-A7E2-4901-BD27-04B26BB2E8A9}"
EndProject
Project("{FAE04EC0-301F-11D3-BF4B-00C04F79EFBC}") = "WinFormsGoogleAddressValidator", "WinFormsGoogleAddressValidator\WinFormsGoogleAddressValidator.csproj", "{99133523-F426-4AAC-8458-6D3B65654879}"
EndProject
Global
	GlobalSection(SolutionConfigurationPlatforms) = preSolution
		Debug|Any CPU = Debug|Any CPU
		Release|Any CPU = Release|Any CPU
	EndGlobalSection
	GlobalSection(ProjectConfigurationPlatforms) = postSolution
		{DCFB21E8-A7E2-4901-BD27-04B26BB2E8A9}.Debug|Any CPU.ActiveCfg = Debug|Any CPU
		{DCFB21E8-A7E2-4901-BD27-04B26BB2E8A9}.Debug|Any CPU.Build.0 = Debug|Any CPU
		{DCFB21E8-A7E2-4901-BD27-04B26BB2E8A9}.Release|Any CPU.ActiveCfg = Release|Any CPU
		{DCFB21E8-A7E2-4901-BD27-04B26BB2E8A9}.Release|Any CPU.Build.0 = Release|Any CPU
		{99133523-F426-4AAC-8458-6D3B65654879}.Debug|Any CPU.ActiveCfg = Debug|Any CPU
		{99133523-F426-4AAC-8458-6D3B65654879}.Debug|Any CPU.Build.0 = Debug|Any CPU
		{99133523-F426-4AAC-8458-6D3B65654879}.Release|Any CPU.ActiveCfg = Release|Any CPU
		{99133523-F426-4AAC-8458-6D3B65654879}.Release|Any CPU.Build.0 = Release|Any CPU
	EndGlobalSection
	GlobalSection(SolutionProperties) = preSolution
		HideSolutionNode = FALSE
	EndGlobalSection
EndGlobal
